
Microsoft Visual Studio Solution File, Format Version 12.00
# Visual Studio Version 17
VisualStudioVersion = 17.7.34221.43
MinimumVisualStudioVersion = 10.0.40219.1
Project("{9A19103F-16F7-4668-BE54-9A1E7A4F7556}") = "ExamenLibreria", "ExamenBiblioteca\ExamenLibreria.csproj", "{29F90307-2C92-44B3-9E79-D82310B90797}"
EndProject
Project("{9A19103F-16F7-4668-BE54-9A1E7A4F7556}") = "WebApi", "WebApi\WebApi.csproj", "{61B2DBD8-995C-41CA-8A95-557A0B766DDF}"
EndProject
Global
	GlobalSection(SolutionConfigurationPlatforms) = preSolution
		Debug|Any CPU = Debug|Any CPU
		Release|Any CPU = Release|Any CPU
	EndGlobalSection
	GlobalSection(ProjectConfigurationPlatforms) = postSolution
		{29F90307-2C92-44B3-9E79-D82310B90797}.Debug|Any CPU.ActiveCfg = Debug|Any CPU
		{29F90307-2C92-44B3-9E79-D82310B90797}.Debug|Any CPU.Build.0 = Debug|Any CPU
		{29F90307-2C92-44B3-9E79-D82310B90797}.Release|Any CPU.ActiveCfg = Release|Any CPU
		{29F90307-2C92-44B3-9E79-D82310B90797}.Release|Any CPU.Build.0 = Release|Any CPU
		{61B2DBD8-995C-41CA-8A95-557A0B766DDF}.Debug|Any CPU.ActiveCfg = Debug|Any CPU
		{61B2DBD8-995C-41CA-8A95-557A0B766DDF}.Debug|Any CPU.Build.0 = Debug|Any CPU
		{61B2DBD8-995C-41CA-8A95-557A0B766DDF}.Release|Any CPU.ActiveCfg = Release|Any CPU
		{61B2DBD8-995C-41CA-8A95-557A0B766DDF}.Release|Any CPU.Build.0 = Release|Any CPU
	EndGlobalSection
	GlobalSection(SolutionProperties) = preSolution
		HideSolutionNode = FALSE
	EndGlobalSection
	GlobalSection(ExtensibilityGlobals) = postSolution
		SolutionGuid = {8A7EDAFA-E1F9-4460-B65F-9A5487CF8AD8}
	EndGlobalSection
EndGlobal
